
Microsoft Visual Studio Solution File, Format Version 12.00
# Visual Studio Version 16
VisualStudioVersion = 16.0.29503.13
MinimumVisualStudioVersion = 10.0.40219.1
Project("{FAE04EC0-301F-11D3-BF4B-00C04F79EFBC}") = "CınemaSıte.UI", "CınemaSıte.UI\CınemaSıte.UI.csproj", "{3480E1F0-3721-4AE9-B4DD-BEF855D85169}"
EndProject
Project("{FAE04EC0-301F-11D3-BF4B-00C04F79EFBC}") = "CınemaSıte.Model", "CınemaSıte.Model\CınemaSıte.Model.csproj", "{7E0F8E45-A319-4FA3-AC07-567D757EC51C}"
EndProject
Project("{FAE04EC0-301F-11D3-BF4B-00C04F79EFBC}") = "CınemaSıte.DAL", "CınemaSıte.DAL\CınemaSıte.DAL.csproj", "{23976366-659E-4961-A8AA-3F84F12B7CF1}"
EndProject
Project("{FAE04EC0-301F-11D3-BF4B-00C04F79EFBC}") = "CınemaSıte.Repository", "CınemaSıte.Repository\CınemaSıte.Repository.csproj", "{CD5E8A2C-24D3-4614-A362-51A95EEFFDC0}"
EndProject
Global
	GlobalSection(SolutionConfigurationPlatforms) = preSolution
		Debug|Any CPU = Debug|Any CPU
		Release|Any CPU = Release|Any CPU
	EndGlobalSection
	GlobalSection(ProjectConfigurationPlatforms) = postSolution
		{3480E1F0-3721-4AE9-B4DD-BEF855D85169}.Debug|Any CPU.ActiveCfg = Debug|Any CPU
		{3480E1F0-3721-4AE9-B4DD-BEF855D85169}.Debug|Any CPU.Build.0 = Debug|Any CPU
		{3480E1F0-3721-4AE9-B4DD-BEF855D85169}.Release|Any CPU.ActiveCfg = Release|Any CPU
		{3480E1F0-3721-4AE9-B4DD-BEF855D85169}.Release|Any CPU.Build.0 = Release|Any CPU
		{7E0F8E45-A319-4FA3-AC07-567D757EC51C}.Debug|Any CPU.ActiveCfg = Debug|Any CPU
		{7E0F8E45-A319-4FA3-AC07-567D757EC51C}.Debug|Any CPU.Build.0 = Debug|Any CPU
		{7E0F8E45-A319-4FA3-AC07-567D757EC51C}.Release|Any CPU.ActiveCfg = Release|Any CPU
		{7E0F8E45-A319-4FA3-AC07-567D757EC51C}.Release|Any CPU.Build.0 = Release|Any CPU
		{23976366-659E-4961-A8AA-3F84F12B7CF1}.Debug|Any CPU.ActiveCfg = Debug|Any CPU
		{23976366-659E-4961-A8AA-3F84F12B7CF1}.Debug|Any CPU.Build.0 = Debug|Any CPU
		{23976366-659E-4961-A8AA-3F84F12B7CF1}.Release|Any CPU.ActiveCfg = Release|Any CPU
		{23976366-659E-4961-A8AA-3F84F12B7CF1}.Release|Any CPU.Build.0 = Release|Any CPU
		{CD5E8A2C-24D3-4614-A362-51A95EEFFDC0}.Debug|Any CPU.ActiveCfg = Debug|Any CPU
		{CD5E8A2C-24D3-4614-A362-51A95EEFFDC0}.Debug|Any CPU.Build.0 = Debug|Any CPU
		{CD5E8A2C-24D3-4614-A362-51A95EEFFDC0}.Release|Any CPU.ActiveCfg = Release|Any CPU
		{CD5E8A2C-24D3-4614-A362-51A95EEFFDC0}.Release|Any CPU.Build.0 = Release|Any CPU
	EndGlobalSection
	GlobalSection(SolutionProperties) = preSolution
		HideSolutionNode = FALSE
	EndGlobalSection
	GlobalSection(ExtensibilityGlobals) = postSolution
		SolutionGuid = {77350C92-9021-4D9C-935F-6D6411C4F4F7}
	EndGlobalSection
EndGlobal
